// !$*UTF8*$!
{
	archiveVersion = 1;
	classes = {
	};
	objectVersion = 46;
	objects = {

/* Begin PBXBuildFile section */
		5C2233EE17EB7C3F00BCA494 /* UIKit.framework in Frameworks */ = {isa = PBXBuildFile; fileRef = 5C2233ED17EB7C3F00BCA494 /* UIKit.framework */; };
		5C2233F017EB7C3F00BCA494 /* Foundation.framework in Frameworks */ = {isa = PBXBuildFile; fileRef = 5C2233EF17EB7C3F00BCA494 /* Foundation.framework */; };
		5C2233F217EB7C3F00BCA494 /* CoreGraphics.framework in Frameworks */ = {isa = PBXBuildFile; fileRef = 5C2233F117EB7C3F00BCA494 /* CoreGraphics.framework */; };
		5C22340C17EB7C4000BCA494 /* SenTestingKit.framework in Frameworks */ = {isa = PBXBuildFile; fileRef = 5C22340B17EB7C4000BCA494 /* SenTestingKit.framework */; };
		5C22340D17EB7C4000BCA494 /* UIKit.framework in Frameworks */ = {isa = PBXBuildFile; fileRef = 5C2233ED17EB7C3F00BCA494 /* UIKit.framework */; };
		5C22340E17EB7C4000BCA494 /* Foundation.framework in Frameworks */ = {isa = PBXBuildFile; fileRef = 5C2233EF17EB7C3F00BCA494 /* Foundation.framework */; };
		5C22341617EB7C4000BCA494 /* InfoPlist.strings in Resources */ = {isa = PBXBuildFile; fileRef = 5C22341417EB7C4000BCA494 /* InfoPlist.strings */; };
		5C22341917EB7C4000BCA494 /* TZShortKitTests.m in Sources */ = {isa = PBXBuildFile; fileRef = 5C22341817EB7C4000BCA494 /* TZShortKitTests.m */; };
		5C22342E17EB7CBC00BCA494 /* main.m in Sources */ = {isa = PBXBuildFile; fileRef = 5C22342317EB7CBC00BCA494 /* main.m */; };
		5C22342F17EB7CBC00BCA494 /* TZAppDelegate.m in Sources */ = {isa = PBXBuildFile; fileRef = 5C22342517EB7CBC00BCA494 /* TZAppDelegate.m */; };
		5C22343017EB7CBC00BCA494 /* Default-568h@2x.png in Resources */ = {isa = PBXBuildFile; fileRef = 5C22342817EB7CBC00BCA494 /* Default-568h@2x.png */; };
		5C22343117EB7CBC00BCA494 /* Default.png in Resources */ = {isa = PBXBuildFile; fileRef = 5C22342917EB7CBC00BCA494 /* Default.png */; };
		5C22343217EB7CBC00BCA494 /* Default@2x.png in Resources */ = {isa = PBXBuildFile; fileRef = 5C22342A17EB7CBC00BCA494 /* Default@2x.png */; };
		5C22343317EB7CBC00BCA494 /* InfoPlist.strings in Resources */ = {isa = PBXBuildFile; fileRef = 5C22342B17EB7CBC00BCA494 /* InfoPlist.strings */; };
		5C22343A17EB7D0400BCA494 /* UIView+TZShortKit.m in Sources */ = {isa = PBXBuildFile; fileRef = 5C22343917EB7D0400BCA494 /* UIView+TZShortKit.m */; };
		5C22343D17EB7D0F00BCA494 /* UIImage+TZShortKit.m in Sources */ = {isa = PBXBuildFile; fileRef = 5C22343C17EB7D0F00BCA494 /* UIImage+TZShortKit.m */; };
		5CAC698F17F1ED5C001E6DB8 /* NSString+TZShortKit.m in Sources */ = {isa = PBXBuildFile; fileRef = 5CAC698E17F1ED5C001E6DB8 /* NSString+TZShortKit.m */; };
		5CAC699417F1EEA2001E6DB8 /* DeviceHelpers.m in Sources */ = {isa = PBXBuildFile; fileRef = 5CAC699317F1EEA2001E6DB8 /* DeviceHelpers.m */; };
		5CF0203217EC99E800B3DBCD /* UIButton+TZShortKit.m in Sources */ = {isa = PBXBuildFile; fileRef = 5CF0203117EC99E800B3DBCD /* UIButton+TZShortKit.m */; };
/* End PBXBuildFile section */

/* Begin PBXContainerItemProxy section */
		5C22340F17EB7C4000BCA494 /* PBXContainerItemProxy */ = {
			isa = PBXContainerItemProxy;
			containerPortal = 5C2233E217EB7C3F00BCA494 /* Project object */;
			proxyType = 1;
			remoteGlobalIDString = 5C2233E917EB7C3F00BCA494;
			remoteInfo = TZShortKit;
		};
/* End PBXContainerItemProxy section */

/* Begin PBXFileReference section */
		5C2233EA17EB7C3F00BCA494 /* TZShortKit.app */ = {isa = PBXFileReference; explicitFileType = wrapper.application; includeInIndex = 0; path = TZShortKit.app; sourceTree = BUILT_PRODUCTS_DIR; };
		5C2233ED17EB7C3F00BCA494 /* UIKit.framework */ = {isa = PBXFileReference; lastKnownFileType = wrapper.framework; name = UIKit.framework; path = System/Library/Frameworks/UIKit.framework; sourceTree = SDKROOT; };
		5C2233EF17EB7C3F00BCA494 /* Foundation.framework */ = {isa = PBXFileReference; lastKnownFileType = wrapper.framework; name = Foundation.framework; path = System/Library/Frameworks/Foundation.framework; sourceTree = SDKROOT; };
		5C2233F117EB7C3F00BCA494 /* CoreGraphics.framework */ = {isa = PBXFileReference; lastKnownFileType = wrapper.framework; name = CoreGraphics.framework; path = System/Library/Frameworks/CoreGraphics.framework; sourceTree = SDKROOT; };
		5C22340A17EB7C4000BCA494 /* TZShortKitTests.octest */ = {isa = PBXFileReference; explicitFileType = wrapper.cfbundle; includeInIndex = 0; path = TZShortKitTests.octest; sourceTree = BUILT_PRODUCTS_DIR; };
		5C22340B17EB7C4000BCA494 /* SenTestingKit.framework */ = {isa = PBXFileReference; lastKnownFileType = wrapper.framework; name = SenTestingKit.framework; path = Library/Frameworks/SenTestingKit.framework; sourceTree = DEVELOPER_DIR; };
		5C22341317EB7C4000BCA494 /* TZShortKitTests-Info.plist */ = {isa = PBXFileReference; lastKnownFileType = text.plist.xml; path = "TZShortKitTests-Info.plist"; sourceTree = "<group>"; };
		5C22341517EB7C4000BCA494 /* en */ = {isa = PBXFileReference; lastKnownFileType = text.plist.strings; name = en; path = en.lproj/InfoPlist.strings; sourceTree = "<group>"; };
		5C22341717EB7C4000BCA494 /* TZShortKitTests.h */ = {isa = PBXFileReference; lastKnownFileType = sourcecode.c.h; path = TZShortKitTests.h; sourceTree = "<group>"; };
		5C22341817EB7C4000BCA494 /* TZShortKitTests.m */ = {isa = PBXFileReference; lastKnownFileType = sourcecode.c.objc; path = TZShortKitTests.m; sourceTree = "<group>"; };
		5C22342317EB7CBC00BCA494 /* main.m */ = {isa = PBXFileReference; fileEncoding = 4; lastKnownFileType = sourcecode.c.objc; path = main.m; sourceTree = "<group>"; };
		5C22342417EB7CBC00BCA494 /* TZAppDelegate.h */ = {isa = PBXFileReference; fileEncoding = 4; lastKnownFileType = sourcecode.c.h; path = TZAppDelegate.h; sourceTree = "<group>"; };
		5C22342517EB7CBC00BCA494 /* TZAppDelegate.m */ = {isa = PBXFileReference; fileEncoding = 4; lastKnownFileType = sourcecode.c.objc; path = TZAppDelegate.m; sourceTree = "<group>"; };
		5C22342617EB7CBC00BCA494 /* TZShortKit-Prefix.pch */ = {isa = PBXFileReference; fileEncoding = 4; lastKnownFileType = sourcecode.c.h; path = "TZShortKit-Prefix.pch"; sourceTree = "<group>"; };
		5C22342817EB7CBC00BCA494 /* Default-568h@2x.png */ = {isa = PBXFileReference; lastKnownFileType = image.png; path = "Default-568h@2x.png"; sourceTree = "<group>"; };
		5C22342917EB7CBC00BCA494 /* Default.png */ = {isa = PBXFileReference; lastKnownFileType = image.png; path = Default.png; sourceTree = "<group>"; };
		5C22342A17EB7CBC00BCA494 /* Default@2x.png */ = {isa = PBXFileReference; lastKnownFileType = image.png; path = "Default@2x.png"; sourceTree = "<group>"; };
		5C22342C17EB7CBC00BCA494 /* en */ = {isa = PBXFileReference; lastKnownFileType = text.plist.strings; name = en; path = en.lproj/InfoPlist.strings; sourceTree = "<group>"; };
		5C22342D17EB7CBC00BCA494 /* TZShortKit-Info.plist */ = {isa = PBXFileReference; fileEncoding = 4; lastKnownFileType = text.plist.xml; path = "TZShortKit-Info.plist"; sourceTree = "<group>"; };
		5C22343717EB7CD900BCA494 /* TZShortKit.h */ = {isa = PBXFileReference; lastKnownFileType = sourcecode.c.h; path = TZShortKit.h; sourceTree = "<group>"; };
		5C22343817EB7D0400BCA494 /* UIView+TZShortKit.h */ = {isa = PBXFileReference; fileEncoding = 4; lastKnownFileType = sourcecode.c.h; path = "UIView+TZShortKit.h"; sourceTree = "<group>"; };
		5C22343917EB7D0400BCA494 /* UIView+TZShortKit.m */ = {isa = PBXFileReference; fileEncoding = 4; lastKnownFileType = sourcecode.c.objc; path = "UIView+TZShortKit.m"; sourceTree = "<group>"; };
		5C22343B17EB7D0F00BCA494 /* UIImage+TZShortKit.h */ = {isa = PBXFileReference; fileEncoding = 4; lastKnownFileType = sourcecode.c.h; path = "UIImage+TZShortKit.h"; sourceTree = "<group>"; };
		5C22343C17EB7D0F00BCA494 /* UIImage+TZShortKit.m */ = {isa = PBXFileReference; fileEncoding = 4; lastKnownFileType = sourcecode.c.objc; path = "UIImage+TZShortKit.m"; sourceTree = "<group>"; };
		5CAC698B17F1ECC7001E6DB8 /* TZCategories.h */ = {isa = PBXFileReference; lastKnownFileType = sourcecode.c.h; path = TZCategories.h; sourceTree = "<group>"; };
		5CAC698D17F1ED5C001E6DB8 /* NSString+TZShortKit.h */ = {isa = PBXFileReference; fileEncoding = 4; lastKnownFileType = sourcecode.c.h; path = "NSString+TZShortKit.h"; sourceTree = "<group>"; };
		5CAC698E17F1ED5C001E6DB8 /* NSString+TZShortKit.m */ = {isa = PBXFileReference; fileEncoding = 4; lastKnownFileType = sourcecode.c.objc; path = "NSString+TZShortKit.m"; sourceTree = "<group>"; };
		5CAC699117F1EE79001E6DB8 /* TZUtils.h */ = {isa = PBXFileReference; lastKnownFileType = sourcecode.c.h; path = TZUtils.h; sourceTree = "<group>"; };
		5CAC699317F1EEA2001E6DB8 /* DeviceHelpers.m */ = {isa = PBXFileReference; fileEncoding = 4; lastKnownFileType = sourcecode.c.objc; path = DeviceHelpers.m; sourceTree = "<group>"; };
		5CAC699517F1EEAC001E6DB8 /* DeviceHelpers.h */ = {isa = PBXFileReference; lastKnownFileType = sourcecode.c.h; path = DeviceHelpers.h; sourceTree = "<group>"; };
		5CF0203017EC99E800B3DBCD /* UIButton+TZShortKit.h */ = {isa = PBXFileReference; fileEncoding = 4; lastKnownFileType = sourcecode.c.h; path = "UIButton+TZShortKit.h"; sourceTree = "<group>"; };
		5CF0203117EC99E800B3DBCD /* UIButton+TZShortKit.m */ = {isa = PBXFileReference; fileEncoding = 4; lastKnownFileType = sourcecode.c.objc; path = "UIButton+TZShortKit.m"; sourceTree = "<group>"; };
/* End PBXFileReference section */

/* Begin PBXFrameworksBuildPhase section */
		5C2233E717EB7C3F00BCA494 /* Frameworks */ = {
			isa = PBXFrameworksBuildPhase;
			buildActionMask = 2147483647;
			files = (
				5C2233EE17EB7C3F00BCA494 /* UIKit.framework in Frameworks */,
				5C2233F017EB7C3F00BCA494 /* Foundation.framework in Frameworks */,
				5C2233F217EB7C3F00BCA494 /* CoreGraphics.framework in Frameworks */,
			);
			runOnlyForDeploymentPostprocessing = 0;
		};
		5C22340617EB7C4000BCA494 /* Frameworks */ = {
			isa = PBXFrameworksBuildPhase;
			buildActionMask = 2147483647;
			files = (
				5C22340C17EB7C4000BCA494 /* SenTestingKit.framework in Frameworks */,
				5C22340D17EB7C4000BCA494 /* UIKit.framework in Frameworks */,
				5C22340E17EB7C4000BCA494 /* Foundation.framework in Frameworks */,
			);
			runOnlyForDeploymentPostprocessing = 0;
		};
/* End PBXFrameworksBuildPhase section */

/* Begin PBXGroup section */
		5C2233E117EB7C3F00BCA494 = {
			isa = PBXGroup;
			children = (
				5C2233F317EB7C3F00BCA494 /* TZShortKit */,
				5C22342217EB7CBC00BCA494 /* Other Sources */,
				5C22342717EB7CBC00BCA494 /* Resources */,
				5C22341117EB7C4000BCA494 /* TZShortKitTests */,
				5C2233EC17EB7C3F00BCA494 /* Frameworks */,
				5C2233EB17EB7C3F00BCA494 /* Products */,
			);
			sourceTree = "<group>";
		};
		5C2233EB17EB7C3F00BCA494 /* Products */ = {
			isa = PBXGroup;
			children = (
				5C2233EA17EB7C3F00BCA494 /* TZShortKit.app */,
				5C22340A17EB7C4000BCA494 /* TZShortKitTests.octest */,
			);
			name = Products;
			sourceTree = "<group>";
		};
		5C2233EC17EB7C3F00BCA494 /* Frameworks */ = {
			isa = PBXGroup;
			children = (
				5C2233ED17EB7C3F00BCA494 /* UIKit.framework */,
				5C2233EF17EB7C3F00BCA494 /* Foundation.framework */,
				5C2233F117EB7C3F00BCA494 /* CoreGraphics.framework */,
				5C22340B17EB7C4000BCA494 /* SenTestingKit.framework */,
			);
			name = Frameworks;
			sourceTree = "<group>";
		};
		5C2233F317EB7C3F00BCA494 /* TZShortKit */ = {
			isa = PBXGroup;
			children = (
				5C22343717EB7CD900BCA494 /* TZShortKit.h */,
				5C22343517EB7CCA00BCA494 /* categories */,
				5CAC699017F1EE5D001E6DB8 /* utils */,
			);
			path = TZShortKit;
			sourceTree = "<group>";
		};
		5C22341117EB7C4000BCA494 /* TZShortKitTests */ = {
			isa = PBXGroup;
			children = (
				5C22341717EB7C4000BCA494 /* TZShortKitTests.h */,
				5C22341817EB7C4000BCA494 /* TZShortKitTests.m */,
				5C22341217EB7C4000BCA494 /* Supporting Files */,
			);
			path = TZShortKitTests;
			sourceTree = "<group>";
		};
		5C22341217EB7C4000BCA494 /* Supporting Files */ = {
			isa = PBXGroup;
			children = (
				5C22341317EB7C4000BCA494 /* TZShortKitTests-Info.plist */,
				5C22341417EB7C4000BCA494 /* InfoPlist.strings */,
			);
			name = "Supporting Files";
			sourceTree = "<group>";
		};
		5C22342217EB7CBC00BCA494 /* Other Sources */ = {
			isa = PBXGroup;
			children = (
				5C22342317EB7CBC00BCA494 /* main.m */,
				5C22342417EB7CBC00BCA494 /* TZAppDelegate.h */,
				5C22342517EB7CBC00BCA494 /* TZAppDelegate.m */,
				5C22342617EB7CBC00BCA494 /* TZShortKit-Prefix.pch */,
			);
			path = "Other Sources";
			sourceTree = "<group>";
		};
		5C22342717EB7CBC00BCA494 /* Resources */ = {
			isa = PBXGroup;
			children = (
				5C22342817EB7CBC00BCA494 /* Default-568h@2x.png */,
				5C22342917EB7CBC00BCA494 /* Default.png */,
				5C22342A17EB7CBC00BCA494 /* Default@2x.png */,
				5C22342B17EB7CBC00BCA494 /* InfoPlist.strings */,
				5C22342D17EB7CBC00BCA494 /* TZShortKit-Info.plist */,
			);
			path = Resources;
			sourceTree = "<group>";
		};
		5C22343517EB7CCA00BCA494 /* categories */ = {
			isa = PBXGroup;
			children = (
				5CAC698B17F1ECC7001E6DB8 /* TZCategories.h */,
				5CAC698C17F1ED3F001E6DB8 /* ns */,
				5C22343617EB7CCA00BCA494 /* ui */,
			);
			path = categories;
			sourceTree = "<group>";
		};
		5C22343617EB7CCA00BCA494 /* ui */ = {
			isa = PBXGroup;
			children = (
				5CF0203017EC99E800B3DBCD /* UIButton+TZShortKit.h */,
				5CF0203117EC99E800B3DBCD /* UIButton+TZShortKit.m */,
				5C22343B17EB7D0F00BCA494 /* UIImage+TZShortKit.h */,
				5C22343C17EB7D0F00BCA494 /* UIImage+TZShortKit.m */,
				5C22343817EB7D0400BCA494 /* UIView+TZShortKit.h */,
				5C22343917EB7D0400BCA494 /* UIView+TZShortKit.m */,
			);
			path = ui;
			sourceTree = "<group>";
		};
		5CAC698C17F1ED3F001E6DB8 /* ns */ = {
			isa = PBXGroup;
			children = (
				5CAC698D17F1ED5C001E6DB8 /* NSString+TZShortKit.h */,
				5CAC698E17F1ED5C001E6DB8 /* NSString+TZShortKit.m */,
			);
			path = ns;
			sourceTree = "<group>";
		};
		5CAC699017F1EE5D001E6DB8 /* utils */ = {
			isa = PBXGroup;
			children = (
				5CAC699117F1EE79001E6DB8 /* TZUtils.h */,
				5CAC699217F1EE93001E6DB8 /* helpers */,
			);
			path = utils;
			sourceTree = "<group>";
		};
		5CAC699217F1EE93001E6DB8 /* helpers */ = {
			isa = PBXGroup;
			children = (
				5CAC699517F1EEAC001E6DB8 /* DeviceHelpers.h */,
				5CAC699317F1EEA2001E6DB8 /* DeviceHelpers.m */,
			);
			path = helpers;
			sourceTree = "<group>";
		};
/* End PBXGroup section */

/* Begin PBXNativeTarget section */
		5C2233E917EB7C3F00BCA494 /* TZShortKit */ = {
			isa = PBXNativeTarget;
			buildConfigurationList = 5C22341C17EB7C4000BCA494 /* Build configuration list for PBXNativeTarget "TZShortKit" */;
			buildPhases = (
				5C2233E617EB7C3F00BCA494 /* Sources */,
				5C2233E717EB7C3F00BCA494 /* Frameworks */,
				5C2233E817EB7C3F00BCA494 /* Resources */,
			);
			buildRules = (
			);
			dependencies = (
			);
			name = TZShortKit;
			productName = TZShortKit;
			productReference = 5C2233EA17EB7C3F00BCA494 /* TZShortKit.app */;
			productType = "com.apple.product-type.application";
		};
		5C22340917EB7C4000BCA494 /* TZShortKitTests */ = {
			isa = PBXNativeTarget;
			buildConfigurationList = 5C22341F17EB7C4000BCA494 /* Build configuration list for PBXNativeTarget "TZShortKitTests" */;
			buildPhases = (
				5C22340517EB7C4000BCA494 /* Sources */,
				5C22340617EB7C4000BCA494 /* Frameworks */,
				5C22340717EB7C4000BCA494 /* Resources */,
				5C22340817EB7C4000BCA494 /* ShellScript */,
			);
			buildRules = (
			);
			dependencies = (
				5C22341017EB7C4000BCA494 /* PBXTargetDependency */,
			);
			name = TZShortKitTests;
			productName = TZShortKitTests;
			productReference = 5C22340A17EB7C4000BCA494 /* TZShortKitTests.octest */;
			productType = "com.apple.product-type.bundle";
		};
/* End PBXNativeTarget section */

/* Begin PBXProject section */
		5C2233E217EB7C3F00BCA494 /* Project object */ = {
			isa = PBXProject;
			attributes = {
				CLASSPREFIX = TZ;
				LastUpgradeCheck = 0460;
				ORGANIZATIONNAME = "Tadeu Zagallo";
			};
			buildConfigurationList = 5C2233E517EB7C3F00BCA494 /* Build configuration list for PBXProject "TZShortKit" */;
			compatibilityVersion = "Xcode 3.2";
			developmentRegion = English;
			hasScannedForEncodings = 0;
			knownRegions = (
				en,
			);
			mainGroup = 5C2233E117EB7C3F00BCA494;
			productRefGroup = 5C2233EB17EB7C3F00BCA494 /* Products */;
			projectDirPath = "";
			projectRoot = "";
			targets = (
				5C2233E917EB7C3F00BCA494 /* TZShortKit */,
				5C22340917EB7C4000BCA494 /* TZShortKitTests */,
			);
		};
/* End PBXProject section */

/* Begin PBXResourcesBuildPhase section */
		5C2233E817EB7C3F00BCA494 /* Resources */ = {
			isa = PBXResourcesBuildPhase;
			buildActionMask = 2147483647;
			files = (
				5C22343017EB7CBC00BCA494 /* Default-568h@2x.png in Resources */,
				5C22343117EB7CBC00BCA494 /* Default.png in Resources */,
				5C22343217EB7CBC00BCA494 /* Default@2x.png in Resources */,
				5C22343317EB7CBC00BCA494 /* InfoPlist.strings in Resources */,
			);
			runOnlyForDeploymentPostprocessing = 0;
		};
		5C22340717EB7C4000BCA494 /* Resources */ = {
			isa = PBXResourcesBuildPhase;
			buildActionMask = 2147483647;
			files = (
				5C22341617EB7C4000BCA494 /* InfoPlist.strings in Resources */,
			);
			runOnlyForDeploymentPostprocessing = 0;
		};
/* End PBXResourcesBuildPhase section */

/* Begin PBXShellScriptBuildPhase section */
		5C22340817EB7C4000BCA494 /* ShellScript */ = {
			isa = PBXShellScriptBuildPhase;
			buildActionMask = 2147483647;
			files = (
			);
			inputPaths = (
			);
			outputPaths = (
			);
			runOnlyForDeploymentPostprocessing = 0;
			shellPath = /bin/sh;
			shellScript = "# Run the unit tests in this test bundle.\n\"${SYSTEM_DEVELOPER_DIR}/Tools/RunUnitTests\"\n";
		};
/* End PBXShellScriptBuildPhase section */

/* Begin PBXSourcesBuildPhase section */
		5C2233E617EB7C3F00BCA494 /* Sources */ = {
			isa = PBXSourcesBuildPhase;
			buildActionMask = 2147483647;
			files = (
				5CAC699417F1EEA2001E6DB8 /* DeviceHelpers.m in Sources */,
				5C22342E17EB7CBC00BCA494 /* main.m in Sources */,
				5CAC698F17F1ED5C001E6DB8 /* NSString+TZShortKit.m in Sources */,
				5CF0203217EC99E800B3DBCD /* UIButton+TZShortKit.m in Sources */,
				5C22342F17EB7CBC00BCA494 /* TZAppDelegate.m in Sources */,
				5C22343A17EB7D0400BCA494 /* UIView+TZShortKit.m in Sources */,
				5C22343D17EB7D0F00BCA494 /* UIImage+TZShortKit.m in Sources */,
			);
			runOnlyForDeploymentPostprocessing = 0;
		};
		5C22340517EB7C4000BCA494 /* Sources */ = {
			isa = PBXSourcesBuildPhase;
			buildActionMask = 2147483647;
			files = (
				5C22341917EB7C4000BCA494 /* TZShortKitTests.m in Sources */,
			);
			runOnlyForDeploymentPostprocessing = 0;
		};
/* End PBXSourcesBuildPhase section */

/* Begin PBXTargetDependency section */
		5C22341017EB7C4000BCA494 /* PBXTargetDependency */ = {
			isa = PBXTargetDependency;
			target = 5C2233E917EB7C3F00BCA494 /* TZShortKit */;
			targetProxy = 5C22340F17EB7C4000BCA494 /* PBXContainerItemProxy */;
		};
/* End PBXTargetDependency section */

/* Begin PBXVariantGroup section */
		5C22341417EB7C4000BCA494 /* InfoPlist.strings */ = {
			isa = PBXVariantGroup;
			children = (
				5C22341517EB7C4000BCA494 /* en */,
			);
			name = InfoPlist.strings;
			sourceTree = "<group>";
		};
		5C22342B17EB7CBC00BCA494 /* InfoPlist.strings */ = {
			isa = PBXVariantGroup;
			children = (
				5C22342C17EB7CBC00BCA494 /* en */,
			);
			name = InfoPlist.strings;
			sourceTree = "<group>";
		};
/* End PBXVariantGroup section */

/* Begin XCBuildConfiguration section */
		5C22341A17EB7C4000BCA494 /* Debug */ = {
			isa = XCBuildConfiguration;
			buildSettings = {
				ALWAYS_SEARCH_USER_PATHS = NO;
				CLANG_CXX_LANGUAGE_STANDARD = "gnu++0x";
				CLANG_CXX_LIBRARY = "libc++";
				CLANG_ENABLE_OBJC_ARC = YES;
				CLANG_WARN_CONSTANT_CONVERSION = YES;
				CLANG_WARN_EMPTY_BODY = YES;
				CLANG_WARN_ENUM_CONVERSION = YES;
				CLANG_WARN_INT_CONVERSION = YES;
				CLANG_WARN__DUPLICATE_METHOD_MATCH = YES;
				"CODE_SIGN_IDENTITY[sdk=iphoneos*]" = "iPhone Developer";
				COPY_PHASE_STRIP = NO;
				GCC_C_LANGUAGE_STANDARD = gnu99;
				GCC_DYNAMIC_NO_PIC = NO;
				GCC_OPTIMIZATION_LEVEL = 0;
				GCC_PREPROCESSOR_DEFINITIONS = (
					"DEBUG=1",
					"$(inherited)",
				);
				GCC_SYMBOLS_PRIVATE_EXTERN = NO;
				GCC_WARN_ABOUT_RETURN_TYPE = YES;
				GCC_WARN_UNINITIALIZED_AUTOS = YES;
				GCC_WARN_UNUSED_VARIABLE = YES;
				IPHONEOS_DEPLOYMENT_TARGET = 6.1;
				ONLY_ACTIVE_ARCH = YES;
				SDKROOT = iphoneos;
				TARGETED_DEVICE_FAMILY = "1,2";
			};
			name = Debug;
		};
		5C22341B17EB7C4000BCA494 /* Release */ = {
			isa = XCBuildConfiguration;
			buildSettings = {
				ALWAYS_SEARCH_USER_PATHS = NO;
				CLANG_CXX_LANGUAGE_STANDARD = "gnu++0x";
				CLANG_CXX_LIBRARY = "libc++";
				CLANG_ENABLE_OBJC_ARC = YES;
				CLANG_WARN_CONSTANT_CONVERSION = YES;
				CLANG_WARN_EMPTY_BODY = YES;
				CLANG_WARN_ENUM_CONVERSION = YES;
				CLANG_WARN_INT_CONVERSION = YES;
				CLANG_WARN__DUPLICATE_METHOD_MATCH = YES;
				"CODE_SIGN_IDENTITY[sdk=iphoneos*]" = "iPhone Developer";
				COPY_PHASE_STRIP = YES;
				GCC_C_LANGUAGE_STANDARD = gnu99;
				GCC_WARN_ABOUT_RETURN_TYPE = YES;
				GCC_WARN_UNINITIALIZED_AUTOS = YES;
				GCC_WARN_UNUSED_VARIABLE = YES;
				IPHONEOS_DEPLOYMENT_TARGET = 6.1;
				OTHER_CFLAGS = "-DNS_BLOCK_ASSERTIONS=1";
				SDKROOT = iphoneos;
				TARGETED_DEVICE_FAMILY = "1,2";
				VALIDATE_PRODUCT = YES;
			};
			name = Release;
		};
		5C22341D17EB7C4000BCA494 /* Debug */ = {
			isa = XCBuildConfiguration;
			buildSettings = {
				GCC_PRECOMPILE_PREFIX_HEADER = YES;
				GCC_PREFIX_HEADER = "Other Sources/TZShortKit-Prefix.pch";
				INFOPLIST_FILE = "Resources/TZShortKit-Info.plist";
				PRODUCT_NAME = "$(TARGET_NAME)";
				WRAPPER_EXTENSION = app;
			};
			name = Debug;
		};
		5C22341E17EB7C4000BCA494 /* Release */ = {
			isa = XCBuildConfiguration;
			buildSettings = {
				GCC_PRECOMPILE_PREFIX_HEADER = YES;
				GCC_PREFIX_HEADER = "Other Sources/TZShortKit-Prefix.pch";
				INFOPLIST_FILE = "Resources/TZShortKit-Info.plist";
				PRODUCT_NAME = "$(TARGET_NAME)";
				WRAPPER_EXTENSION = app;
			};
			name = Release;
		};
		5C22342017EB7C4000BCA494 /* Debug */ = {
			isa = XCBuildConfiguration;
			buildSettings = {
				BUNDLE_LOADER = "$(BUILT_PRODUCTS_DIR)/TZShortKit.app/TZShortKit";
				FRAMEWORK_SEARCH_PATHS = (
					"\"$(SDKROOT)/Developer/Library/Frameworks\"",
					"\"$(DEVELOPER_LIBRARY_DIR)/Frameworks\"",
				);
				GCC_PRECOMPILE_PREFIX_HEADER = YES;
				GCC_PREFIX_HEADER = "TZShortKit/TZShortKit-Prefix.pch";
				INFOPLIST_FILE = "TZShortKitTests/TZShortKitTests-Info.plist";
				PRODUCT_NAME = "$(TARGET_NAME)";
				TEST_HOST = "$(BUNDLE_LOADER)";
				WRAPPER_EXTENSION = octest;
			};
			name = Debug;
		};
		5C22342117EB7C4000BCA494 /* Release */ = {
			isa = XCBuildConfiguration;
			buildSettings = {
				BUNDLE_LOADER = "$(BUILT_PRODUCTS_DIR)/TZShortKit.app/TZShortKit";
				FRAMEWORK_SEARCH_PATHS = (
					"\"$(SDKROOT)/Developer/Library/Frameworks\"",
					"\"$(DEVELOPER_LIBRARY_DIR)/Frameworks\"",
				);
				GCC_PRECOMPILE_PREFIX_HEADER = YES;
				GCC_PREFIX_HEADER = "TZShortKit/TZShortKit-Prefix.pch";
				INFOPLIST_FILE = "TZShortKitTests/TZShortKitTests-Info.plist";
				PRODUCT_NAME = "$(TARGET_NAME)";
				TEST_HOST = "$(BUNDLE_LOADER)";
				WRAPPER_EXTENSION = octest;
			};
			name = Release;
		};
/* End XCBuildConfiguration section */

/* Begin XCConfigurationList section */
		5C2233E517EB7C3F00BCA494 /* Build configuration list for PBXProject "TZShortKit" */ = {
			isa = XCConfigurationList;
			buildConfigurations = (
				5C22341A17EB7C4000BCA494 /* Debug */,
				5C22341B17EB7C4000BCA494 /* Release */,
			);
			defaultConfigurationIsVisible = 0;
			defaultConfigurationName = Release;
		};
		5C22341C17EB7C4000BCA494 /* Build configuration list for PBXNativeTarget "TZShortKit" */ = {
			isa = XCConfigurationList;
			buildConfigurations = (
				5C22341D17EB7C4000BCA494 /* Debug */,
				5C22341E17EB7C4000BCA494 /* Release */,
			);
			defaultConfigurationIsVisible = 0;
			defaultConfigurationName = Release;
		};
		5C22341F17EB7C4000BCA494 /* Build configuration list for PBXNativeTarget "TZShortKitTests" */ = {
			isa = XCConfigurationList;
			buildConfigurations = (
				5C22342017EB7C4000BCA494 /* Debug */,
				5C22342117EB7C4000BCA494 /* Release */,
			);
			defaultConfigurationIsVisible = 0;
			defaultConfigurationName = Release;
		};
/* End XCConfigurationList section */
	};
	rootObject = 5C2233E217EB7C3F00BCA494 /* Project object */;
}
